{
  "name": "mywebapp",
  "version": "1.0.0",
  "lockfileVersion": 1,
  "requires": true,
  "dependencies": {
    "bootstrap": {
      "version": "4.3.1",
      "resolved": "https://registry.npmjs.org/bootstrap/-/bootstrap-4.3.1.tgz",
      "integrity": "sha512-rXqOmH1VilAt2DyPzluTi2blhk17bO7ef+zLLPlWvG494pDxcM234pJ8wTc/6R40UWizAIIMgxjvxZg5kmsbag=="
    },
    "bs4-summernote": {
      "version": "0.8.10",
      "resolved": "https://registry.npmjs.org/bs4-summernote/-/bs4-summernote-0.8.10.tgz",
      "integrity": "sha512-5uB0ga5DHWMdDPfT3WDRqQKcvZr8uZ8QHI6X9XzX+pShejadL0VdcJPhJY5E7ugNnXJ+3qXIVlYT7DI+Pecy9A=="
    },
    "jquery": {
      "version": "3.3.1",
      "resolved": "https://registry.npmjs.org/jquery/-/jquery-3.3.1.tgz",
      "integrity": "sha1-lYzinoHJeQ8xvneS311NlfxX+8o="
    },
    "popper.js": {
      "version": "1.14.3",
      "resolved": "https://registry.npmjs.org/popper.js/-/popper.js-1.14.3.tgz",
      "integrity": "sha1-FDj5jQRqz3tNeM1QK/QYrGTU8JU="
    },
    "summernote": {
      "version": "0.8.11",
      "resolved": "https://registry.npmjs.org/summernote/-/summernote-0.8.11.tgz",
      "integrity": "sha512-j+YbSK2ox1RZGeD5E/+6k57bvqhQLxiaazSj9zHBXOJnCuc0LZPSIGwyTlMaAGWpo6FlkXfjGS93hEDkV3zVJw=="
    }
  }
}
